
Microsoft Visual Studio Solution File, Format Version 12.00
# Visual Studio 15
VisualStudioVersion = 15.0.28010.2046
MinimumVisualStudioVersion = 10.0.40219.1
Project("{FAE04EC0-301F-11D3-BF4B-00C04F79EFBC}") = "Array", "Array\Array.csproj", "{6383A514-4984-41C0-A23F-985CBAAB950B}"
EndProject
Global
	GlobalSection(SolutionConfigurationPlatforms) = preSolution
		Debug|Any CPU = Debug|Any CPU
		Release|Any CPU = Release|Any CPU
	EndGlobalSection
	GlobalSection(ProjectConfigurationPlatforms) = postSolution
		{6383A514-4984-41C0-A23F-985CBAAB950B}.Debug|Any CPU.ActiveCfg = Debug|Any CPU
		{6383A514-4984-41C0-A23F-985CBAAB950B}.Debug|Any CPU.Build.0 = Debug|Any CPU
		{6383A514-4984-41C0-A23F-985CBAAB950B}.Release|Any CPU.ActiveCfg = Release|Any CPU
		{6383A514-4984-41C0-A23F-985CBAAB950B}.Release|Any CPU.Build.0 = Release|Any CPU
	EndGlobalSection
	GlobalSection(SolutionProperties) = preSolution
		HideSolutionNode = FALSE
	EndGlobalSection
	GlobalSection(ExtensibilityGlobals) = postSolution
		SolutionGuid = {E5EBB83F-9298-4C79-9407-82DF1579949A}
	EndGlobalSection
EndGlobal
